{
  "name": "version-n-changelog",
  "version": "0.2.1",
  "lockfileVersion": 3,
  "requires": true,
  "packages": {
    "": {
      "name": "version-n-changelog",
      "version": "0.2.1",
      "dependencies": {
        "bump-n-go": "^0.3.0"
      }
    },
    "node_modules/bump-n-go": {
      "version": "0.3.0",
      "resolved": "https://registry.npmjs.org/bump-n-go/-/bump-n-go-0.3.0.tgz",
      "integrity": "sha512-jwF6f9ftm2DvtkRPVRTQhhjgBV/De/JPl60oIb/KrWuu+kjcCylyXf3fUH3atc850ea3Pvi24+9kyEa+feVqYw==",
      "license": "Apache-2.0",
      "dependencies": {
        "conventional-commits-parser": "^6.2.0",
        "meow": "^13.2.0",
        "semver": "^7.7.2"
      },
      "bin": {
        "bump-n-go": "lib/cli.js"
      },
      "engines": {
        "node": ">=23.0.0"
      }
    },
    "node_modules/conventional-commits-parser": {
      "version": "6.2.0",
      "resolved": "https://registry.npmjs.org/conventional-commits-parser/-/conventional-commits-parser-6.2.0.tgz",
      "integrity": "sha512-uLnoLeIW4XaoFtH37qEcg/SXMJmKF4vi7V0H2rnPueg+VEtFGA/asSCNTcq4M/GQ6QmlzchAEtOoDTtKqWeHag==",
      "license": "MIT",
      "dependencies": {
        "meow": "^13.0.0"
      },
      "bin": {
        "conventional-commits-parser": "dist/cli/index.js"
      },
      "engines": {
        "node": ">=18"
      }
    },
    "node_modules/meow": {
      "version": "13.2.0",
      "resolved": "https://registry.npmjs.org/meow/-/meow-13.2.0.tgz",
      "integrity": "sha512-pxQJQzB6djGPXh08dacEloMFopsOqGVRKFPYvPOt9XDZ1HasbgDZA74CJGreSU4G3Ak7EFJGoiH2auq+yXISgA==",
      "license": "MIT",
      "engines": {
        "node": ">=18"
      },
      "funding": {
        "url": "https://github.com/sponsors/sindresorhus"
      }
    },
    "node_modules/semver": {
      "version": "7.7.2",
      "resolved": "https://registry.npmjs.org/semver/-/semver-7.7.2.tgz",
      "integrity": "sha512-RF0Fw+rO5AMf9MAyaRXI4AV0Ulj5lMHqVxxdSgiVbixSCXoEmmX/jk0CuJw4+3SqroYO9VoUh+HcuJivvtJemA==",
      "license": "ISC",
      "bin": {
        "semver": "bin/semver.js"
      },
      "engines": {
        "node": ">=10"
      }
    }
  }
}
